
Microsoft Visual Studio Solution File, Format Version 12.00
# Visual Studio Version 17
VisualStudioVersion = 17.4.33213.308
MinimumVisualStudioVersion = 10.0.40219.1
Project("{FAE04EC0-301F-11D3-BF4B-00C04F79EFBC}") = "ExpressionEvaluator", "ExpressionEvaluator\ExpressionEvaluator.csproj", "{72534DA9-339A-4CA0-BD1B-49AB2DFDF85D}"
EndProject
Global
	GlobalSection(SolutionConfigurationPlatforms) = preSolution
		Debug|Any CPU = Debug|Any CPU
		Release|Any CPU = Release|Any CPU
	EndGlobalSection
	GlobalSection(ProjectConfigurationPlatforms) = postSolution
		{72534DA9-339A-4CA0-BD1B-49AB2DFDF85D}.Debug|Any CPU.ActiveCfg = Debug|Any CPU
		{72534DA9-339A-4CA0-BD1B-49AB2DFDF85D}.Debug|Any CPU.Build.0 = Debug|Any CPU
		{72534DA9-339A-4CA0-BD1B-49AB2DFDF85D}.Release|Any CPU.ActiveCfg = Release|Any CPU
		{72534DA9-339A-4CA0-BD1B-49AB2DFDF85D}.Release|Any CPU.Build.0 = Release|Any CPU
	EndGlobalSection
	GlobalSection(SolutionProperties) = preSolution
		HideSolutionNode = FALSE
	EndGlobalSection
	GlobalSection(ExtensibilityGlobals) = postSolution
		SolutionGuid = {798AE35C-B9E4-4E2B-8CDC-49AC3B413108}
	EndGlobalSection
EndGlobal
